<Solution>
  <Folder Name="/src/" />
  <Folder Name="/src/App/">
    <Project Path="src/App/LLMUsageWidget.App.csproj" />
  </Folder>
  <Folder Name="/src/Core/">
    <Project Path="src/Core/LLMUsageWidget.Core.csproj" />
  </Folder>
  <Folder Name="/tests/" />
  <Folder Name="/tests/Core.Tests/">
    <Project Path="tests/Core.Tests/LLMUsageWidget.Core.Tests.csproj" />
  </Folder>
</Solution>
